
Microsoft Visual Studio Solution File, Format Version 12.00
# Visual Studio Version 16
VisualStudioVersion = 16.0.31501.217
MinimumVisualStudioVersion = 10.0.40219.1
Project("{FAE04EC0-301F-11D3-BF4B-00C04F79EFBC}") = "RabbitMQProducerDemo", "RabitMQProducerDemo\RabbitMQProducerDemo.csproj", "{CE3AE9C1-95D8-4099-B3E5-38B42890EEE1}"
EndProject
Project("{FAE04EC0-301F-11D3-BF4B-00C04F79EFBC}") = "RabbitMQConsumer", "RabbitMQConsumer\RabbitMQConsumer.csproj", "{649A1B8E-9141-4F61-A9E8-50F7DBD1FF09}"
EndProject
Global
	GlobalSection(SolutionConfigurationPlatforms) = preSolution
		Debug|Any CPU = Debug|Any CPU
		Release|Any CPU = Release|Any CPU
	EndGlobalSection
	GlobalSection(ProjectConfigurationPlatforms) = postSolution
		{CE3AE9C1-95D8-4099-B3E5-38B42890EEE1}.Debug|Any CPU.ActiveCfg = Debug|Any CPU
		{CE3AE9C1-95D8-4099-B3E5-38B42890EEE1}.Debug|Any CPU.Build.0 = Debug|Any CPU
		{CE3AE9C1-95D8-4099-B3E5-38B42890EEE1}.Release|Any CPU.ActiveCfg = Release|Any CPU
		{CE3AE9C1-95D8-4099-B3E5-38B42890EEE1}.Release|Any CPU.Build.0 = Release|Any CPU
		{649A1B8E-9141-4F61-A9E8-50F7DBD1FF09}.Debug|Any CPU.ActiveCfg = Debug|Any CPU
		{649A1B8E-9141-4F61-A9E8-50F7DBD1FF09}.Debug|Any CPU.Build.0 = Debug|Any CPU
		{649A1B8E-9141-4F61-A9E8-50F7DBD1FF09}.Release|Any CPU.ActiveCfg = Release|Any CPU
		{649A1B8E-9141-4F61-A9E8-50F7DBD1FF09}.Release|Any CPU.Build.0 = Release|Any CPU
	EndGlobalSection
	GlobalSection(SolutionProperties) = preSolution
		HideSolutionNode = FALSE
	EndGlobalSection
	GlobalSection(ExtensibilityGlobals) = postSolution
		SolutionGuid = {E3AF3143-CAF5-45F9-B292-094F73D019FA}
	EndGlobalSection
EndGlobal
